{
  "name": "obsolete-plugin",
  "version": "1.0.0",
  "lockfileVersion": 1,
  "requires": true,
  "dependencies": {
    "browserslist": {
      "version": "4.21.3",
      "resolved": "https://registry.npmjs.org/browserslist/-/browserslist-4.21.3.tgz",
      "integrity": "sha512-898rgRXLAyRkM1GryrrBHGkqA5hlpkV5MhtZwg9QXeiyLUYs2k00Un05aX5l2/yJIOObYKOpS2JNo8nJDE7fWQ==",
      "requires": {
        "caniuse-lite": "^1.0.30001370",
        "electron-to-chromium": "^1.4.202",
        "node-releases": "^2.0.6",
        "update-browserslist-db": "^1.0.5"
      }
    },
    "caniuse-lite": {
      "version": "1.0.30001374",
      "resolved": "https://registry.npmjs.org/caniuse-lite/-/caniuse-lite-1.0.30001374.tgz",
      "integrity": "sha512-mWvzatRx3w+j5wx/mpFN5v5twlPrabG8NqX2c6e45LCpymdoGqNvRkRutFUqpRTXKFQFNQJasvK0YT7suW6/Hw=="
    },
    "electron-to-chromium": {
      "version": "1.4.212",
      "resolved": "https://registry.npmjs.org/electron-to-chromium/-/electron-to-chromium-1.4.212.tgz",
      "integrity": "sha512-LjQUg1SpLj2GfyaPDVBUHdhmlDU1vDB4f0mJWSGkISoXQrn5/lH3ECPCuo2Bkvf6Y30wO+b69te+rZK/llZmjg=="
    },
    "escalade": {
      "version": "3.1.1",
      "resolved": "https://registry.npmjs.org/escalade/-/escalade-3.1.1.tgz",
      "integrity": "sha512-k0er2gUkLf8O0zKJiAhmkTnJlTvINGv7ygDNPbeIsX/TJjGJZHuh9B2UxbsaEkmlEo9MfhrSzmhIlhRlI2GXnw=="
    },
    "node-releases": {
      "version": "2.0.6",
      "resolved": "https://registry.npmjs.org/node-releases/-/node-releases-2.0.6.tgz",
      "integrity": "sha512-PiVXnNuFm5+iYkLBNeq5211hvO38y63T0i2KKh2KnUs3RpzJ+JtODFjkD8yjLwnDkTYF1eKXheUwdssR+NRZdg=="
    },
    "picocolors": {
      "version": "1.0.0",
      "resolved": "https://registry.npmjs.org/picocolors/-/picocolors-1.0.0.tgz",
      "integrity": "sha512-1fygroTLlHu66zi26VoTDv8yRgm0Fccecssto+MhsZ0D/DGW2sm8E8AjW7NU5VVTRt5GxbeZ5qBuJr+HyLYkjQ=="
    },
    "typescript": {
      "version": "4.7.4",
      "resolved": "https://registry.npmjs.org/typescript/-/typescript-4.7.4.tgz",
      "integrity": "sha512-C0WQT0gezHuw6AdY1M2jxUO83Rjf0HP7Sk1DtXj6j1EwkQNZrHAg2XPWlq62oqEhYvONq5pkC2Y9oPljWToLmQ=="
    },
    "update-browserslist-db": {
      "version": "1.0.5",
      "resolved": "https://registry.npmjs.org/update-browserslist-db/-/update-browserslist-db-1.0.5.tgz",
      "integrity": "sha512-dteFFpCyvuDdr9S/ff1ISkKt/9YZxKjI9WlRR99c180GaztJtRa/fn18FdxGVKVsnPY7/a/FDN68mcvUmP4U7Q==",
      "requires": {
        "escalade": "^3.1.1",
        "picocolors": "^1.0.0"
      }
    }
  }
}
